
Microsoft Visual Studio Solution File, Format Version 12.00
# Visual Studio Version 16
VisualStudioVersion = 16.0.29519.181
MinimumVisualStudioVersion = 10.0.40219.1
Project("{FAE04EC0-301F-11D3-BF4B-00C04F79EFBC}") = "Decorator", "Decorator\Decorator.csproj", "{D336B727-CF48-4178-8CF9-8FB9E6E690F4}"
EndProject
Project("{FAE04EC0-301F-11D3-BF4B-00C04F79EFBC}") = "Strategy", "Strategy\Strategy.csproj", "{5C451B2E-F11A-4AD5-8B26-0F4BCA377768}"
EndProject
Project("{FAE04EC0-301F-11D3-BF4B-00C04F79EFBC}") = "Adapter", "Adapter\Adapter.csproj", "{EC3AD79D-8C72-4FE9-B1D4-92628278F374}"
EndProject
Project("{FAE04EC0-301F-11D3-BF4B-00C04F79EFBC}") = "Observer", "Observer\Observer.csproj", "{D0089FD1-A032-4656-AA23-5603698734A6}"
EndProject
Project("{FAE04EC0-301F-11D3-BF4B-00C04F79EFBC}") = "FactoryMethod", "FactoryMethod\FactoryMethod.csproj", "{4E42CD3E-74CB-45CC-BCBA-56578CED461F}"
EndProject
Project("{FAE04EC0-301F-11D3-BF4B-00C04F79EFBC}") = "AbstractFactory", "AbstactFactory\AbstractFactory.csproj", "{843627D6-9E13-4A9B-960F-EC4154ED45AF}"
EndProject
Global
	GlobalSection(SolutionConfigurationPlatforms) = preSolution
		Debug|Any CPU = Debug|Any CPU
		Release|Any CPU = Release|Any CPU
	EndGlobalSection
	GlobalSection(ProjectConfigurationPlatforms) = postSolution
		{D336B727-CF48-4178-8CF9-8FB9E6E690F4}.Debug|Any CPU.ActiveCfg = Debug|Any CPU
		{D336B727-CF48-4178-8CF9-8FB9E6E690F4}.Debug|Any CPU.Build.0 = Debug|Any CPU
		{D336B727-CF48-4178-8CF9-8FB9E6E690F4}.Release|Any CPU.ActiveCfg = Release|Any CPU
		{D336B727-CF48-4178-8CF9-8FB9E6E690F4}.Release|Any CPU.Build.0 = Release|Any CPU
		{5C451B2E-F11A-4AD5-8B26-0F4BCA377768}.Debug|Any CPU.ActiveCfg = Debug|Any CPU
		{5C451B2E-F11A-4AD5-8B26-0F4BCA377768}.Debug|Any CPU.Build.0 = Debug|Any CPU
		{5C451B2E-F11A-4AD5-8B26-0F4BCA377768}.Release|Any CPU.ActiveCfg = Release|Any CPU
		{5C451B2E-F11A-4AD5-8B26-0F4BCA377768}.Release|Any CPU.Build.0 = Release|Any CPU
		{EC3AD79D-8C72-4FE9-B1D4-92628278F374}.Debug|Any CPU.ActiveCfg = Debug|Any CPU
		{EC3AD79D-8C72-4FE9-B1D4-92628278F374}.Debug|Any CPU.Build.0 = Debug|Any CPU
		{EC3AD79D-8C72-4FE9-B1D4-92628278F374}.Release|Any CPU.ActiveCfg = Release|Any CPU
		{EC3AD79D-8C72-4FE9-B1D4-92628278F374}.Release|Any CPU.Build.0 = Release|Any CPU
		{D0089FD1-A032-4656-AA23-5603698734A6}.Debug|Any CPU.ActiveCfg = Debug|Any CPU
		{D0089FD1-A032-4656-AA23-5603698734A6}.Debug|Any CPU.Build.0 = Debug|Any CPU
		{D0089FD1-A032-4656-AA23-5603698734A6}.Release|Any CPU.ActiveCfg = Release|Any CPU
		{D0089FD1-A032-4656-AA23-5603698734A6}.Release|Any CPU.Build.0 = Release|Any CPU
		{4E42CD3E-74CB-45CC-BCBA-56578CED461F}.Debug|Any CPU.ActiveCfg = Debug|Any CPU
		{4E42CD3E-74CB-45CC-BCBA-56578CED461F}.Debug|Any CPU.Build.0 = Debug|Any CPU
		{4E42CD3E-74CB-45CC-BCBA-56578CED461F}.Release|Any CPU.ActiveCfg = Release|Any CPU
		{4E42CD3E-74CB-45CC-BCBA-56578CED461F}.Release|Any CPU.Build.0 = Release|Any CPU
		{843627D6-9E13-4A9B-960F-EC4154ED45AF}.Debug|Any CPU.ActiveCfg = Debug|Any CPU
		{843627D6-9E13-4A9B-960F-EC4154ED45AF}.Debug|Any CPU.Build.0 = Debug|Any CPU
		{843627D6-9E13-4A9B-960F-EC4154ED45AF}.Release|Any CPU.ActiveCfg = Release|Any CPU
		{843627D6-9E13-4A9B-960F-EC4154ED45AF}.Release|Any CPU.Build.0 = Release|Any CPU
	EndGlobalSection
	GlobalSection(SolutionProperties) = preSolution
		HideSolutionNode = FALSE
	EndGlobalSection
	GlobalSection(ExtensibilityGlobals) = postSolution
		SolutionGuid = {E283426F-3287-43EF-82B5-A86629B1BB03}
	EndGlobalSection
EndGlobal
